// !$*UTF8*$!
{
	archiveVersion = 1;
	classes = {
	};
	objectVersion = 46;
	objects = {

/* Begin PBXBuildFile section */
		AA203E057630D3898089DE6C /* libPods-Ink.a in Frameworks */ = {isa = PBXBuildFile; fileRef = C686BBB18FA9BBB5273C5438 /* libPods-Ink.a */; };
		BE4B038D1C53C35700077459 /* Balance.m in Sources */ = {isa = PBXBuildFile; fileRef = BE4B038C1C53C35700077459 /* Balance.m */; };
		BE4B03921C53F50200077459 /* HistoryTableViewCell.m in Sources */ = {isa = PBXBuildFile; fileRef = BE4B03911C53F50200077459 /* HistoryTableViewCell.m */; };
		BE4B03951C5412A900077459 /* Transaction.m in Sources */ = {isa = PBXBuildFile; fileRef = BE4B03941C5412A900077459 /* Transaction.m */; };
		BE4B03981C54282500077459 /* HistoryStoreController.m in Sources */ = {isa = PBXBuildFile; fileRef = BE4B03971C54282500077459 /* HistoryStoreController.m */; };
		BED03B591C535AE700388E52 /* AutolayoutHelper.m in Sources */ = {isa = PBXBuildFile; fileRef = BED03B561C535AE700388E52 /* AutolayoutHelper.m */; };
		BED03B5A1C535AE700388E52 /* LinearLayout.m in Sources */ = {isa = PBXBuildFile; fileRef = BED03B581C535AE700388E52 /* LinearLayout.m */; };
		BED03B5E1C536F3F00388E52 /* BalanceStoreController.m in Sources */ = {isa = PBXBuildFile; fileRef = BED03B5D1C536F3F00388E52 /* BalanceStoreController.m */; };
		BED03B611C537CC800388E52 /* UIFontDescriptor+AvenirNext.m in Sources */ = {isa = PBXBuildFile; fileRef = BED03B601C537CC800388E52 /* UIFontDescriptor+AvenirNext.m */; };
		BED03B641C537D2D00388E52 /* UIColor+ColorPalette.m in Sources */ = {isa = PBXBuildFile; fileRef = BED03B631C537D2D00388E52 /* UIColor+ColorPalette.m */; };
		BED03B681C53850400388E52 /* Utilities.m in Sources */ = {isa = PBXBuildFile; fileRef = BED03B671C53850400388E52 /* Utilities.m */; };
		BED03B6B1C5389BD00388E52 /* PlaidLinkViewController.m in Sources */ = {isa = PBXBuildFile; fileRef = BED03B6A1C5389BD00388E52 /* PlaidLinkViewController.m */; };
		BED03B6D1C53935700388E52 /* index.html in Resources */ = {isa = PBXBuildFile; fileRef = BED03B6C1C53935700388E52 /* index.html */; };
		BEE0BC811C5334E3000C8A27 /* main.m in Sources */ = {isa = PBXBuildFile; fileRef = BEE0BC801C5334E3000C8A27 /* main.m */; };
		BEE0BC841C5334E3000C8A27 /* AppDelegate.m in Sources */ = {isa = PBXBuildFile; fileRef = BEE0BC831C5334E3000C8A27 /* AppDelegate.m */; };
		BEE0BC8C1C5334E3000C8A27 /* Assets.xcassets in Resources */ = {isa = PBXBuildFile; fileRef = BEE0BC8B1C5334E3000C8A27 /* Assets.xcassets */; };
		BEE0BC8F1C5334E3000C8A27 /* LaunchScreen.storyboard in Resources */ = {isa = PBXBuildFile; fileRef = BEE0BC8D1C5334E3000C8A27 /* LaunchScreen.storyboard */; };
		BEE0BC981C5335BE000C8A27 /* LoginViewController.m in Sources */ = {isa = PBXBuildFile; fileRef = BEE0BC971C5335BE000C8A27 /* LoginViewController.m */; };
		BEE0BC9D1C5339DC000C8A27 /* LoginStoreController.m in Sources */ = {isa = PBXBuildFile; fileRef = BEE0BC9C1C5339DC000C8A27 /* LoginStoreController.m */; };
		BEE0BCA11C534BC3000C8A27 /* BalanceViewController.m in Sources */ = {isa = PBXBuildFile; fileRef = BEE0BCA01C534BC3000C8A27 /* BalanceViewController.m */; };
		BEE0BCA41C534BD0000C8A27 /* HistoryViewController.m in Sources */ = {isa = PBXBuildFile; fileRef = BEE0BCA31C534BD0000C8A27 /* HistoryViewController.m */; };
/* End PBXBuildFile section */

/* Begin PBXFileReference section */
		05A63E0129F992D54DF9BACD /* Pods-Ink.release.xcconfig */ = {isa = PBXFileReference; includeInIndex = 1; lastKnownFileType = text.xcconfig; name = "Pods-Ink.release.xcconfig"; path = "Pods/Target Support Files/Pods-Ink/Pods-Ink.release.xcconfig"; sourceTree = "<group>"; };
		092805287C0BE4B6F9C98B3D /* Pods-Ink.debug.xcconfig */ = {isa = PBXFileReference; includeInIndex = 1; lastKnownFileType = text.xcconfig; name = "Pods-Ink.debug.xcconfig"; path = "Pods/Target Support Files/Pods-Ink/Pods-Ink.debug.xcconfig"; sourceTree = "<group>"; };
		BE4B038B1C53C35700077459 /* Balance.h */ = {isa = PBXFileReference; fileEncoding = 4; lastKnownFileType = sourcecode.c.h; path = Balance.h; sourceTree = "<group>"; };
		BE4B038C1C53C35700077459 /* Balance.m */ = {isa = PBXFileReference; fileEncoding = 4; lastKnownFileType = sourcecode.c.objc; path = Balance.m; sourceTree = "<group>"; };
		BE4B03901C53F50200077459 /* HistoryTableViewCell.h */ = {isa = PBXFileReference; fileEncoding = 4; lastKnownFileType = sourcecode.c.h; path = HistoryTableViewCell.h; sourceTree = "<group>"; };
		BE4B03911C53F50200077459 /* HistoryTableViewCell.m */ = {isa = PBXFileReference; fileEncoding = 4; lastKnownFileType = sourcecode.c.objc; path = HistoryTableViewCell.m; sourceTree = "<group>"; };
		BE4B03931C5412A900077459 /* Transaction.h */ = {isa = PBXFileReference; fileEncoding = 4; lastKnownFileType = sourcecode.c.h; path = Transaction.h; sourceTree = "<group>"; };
		BE4B03941C5412A900077459 /* Transaction.m */ = {isa = PBXFileReference; fileEncoding = 4; lastKnownFileType = sourcecode.c.objc; path = Transaction.m; sourceTree = "<group>"; };
		BE4B03961C54282500077459 /* HistoryStoreController.h */ = {isa = PBXFileReference; fileEncoding = 4; lastKnownFileType = sourcecode.c.h; path = HistoryStoreController.h; sourceTree = "<group>"; };
		BE4B03971C54282500077459 /* HistoryStoreController.m */ = {isa = PBXFileReference; fileEncoding = 4; lastKnownFileType = sourcecode.c.objc; path = HistoryStoreController.m; sourceTree = "<group>"; };
		BED03B551C535AE700388E52 /* AutolayoutHelper.h */ = {isa = PBXFileReference; fileEncoding = 4; lastKnownFileType = sourcecode.c.h; path = AutolayoutHelper.h; sourceTree = "<group>"; };
		BED03B561C535AE700388E52 /* AutolayoutHelper.m */ = {isa = PBXFileReference; fileEncoding = 4; lastKnownFileType = sourcecode.c.objc; path = AutolayoutHelper.m; sourceTree = "<group>"; };
		BED03B571C535AE700388E52 /* LinearLayout.h */ = {isa = PBXFileReference; fileEncoding = 4; lastKnownFileType = sourcecode.c.h; path = LinearLayout.h; sourceTree = "<group>"; };
		BED03B581C535AE700388E52 /* LinearLayout.m */ = {isa = PBXFileReference; fileEncoding = 4; lastKnownFileType = sourcecode.c.objc; path = LinearLayout.m; sourceTree = "<group>"; };
		BED03B5C1C536F3F00388E52 /* BalanceStoreController.h */ = {isa = PBXFileReference; fileEncoding = 4; lastKnownFileType = sourcecode.c.h; path = BalanceStoreController.h; sourceTree = "<group>"; };
		BED03B5D1C536F3F00388E52 /* BalanceStoreController.m */ = {isa = PBXFileReference; fileEncoding = 4; lastKnownFileType = sourcecode.c.objc; path = BalanceStoreController.m; sourceTree = "<group>"; };
		BED03B5F1C537CC800388E52 /* UIFontDescriptor+AvenirNext.h */ = {isa = PBXFileReference; fileEncoding = 4; lastKnownFileType = sourcecode.c.h; path = "UIFontDescriptor+AvenirNext.h"; sourceTree = "<group>"; };
		BED03B601C537CC800388E52 /* UIFontDescriptor+AvenirNext.m */ = {isa = PBXFileReference; fileEncoding = 4; lastKnownFileType = sourcecode.c.objc; path = "UIFontDescriptor+AvenirNext.m"; sourceTree = "<group>"; };
		BED03B621C537D2D00388E52 /* UIColor+ColorPalette.h */ = {isa = PBXFileReference; fileEncoding = 4; lastKnownFileType = sourcecode.c.h; path = "UIColor+ColorPalette.h"; sourceTree = "<group>"; };
		BED03B631C537D2D00388E52 /* UIColor+ColorPalette.m */ = {isa = PBXFileReference; fileEncoding = 4; lastKnownFileType = sourcecode.c.objc; path = "UIColor+ColorPalette.m"; sourceTree = "<group>"; };
		BED03B661C53850400388E52 /* Utilities.h */ = {isa = PBXFileReference; fileEncoding = 4; lastKnownFileType = sourcecode.c.h; path = Utilities.h; sourceTree = "<group>"; };
		BED03B671C53850400388E52 /* Utilities.m */ = {isa = PBXFileReference; fileEncoding = 4; lastKnownFileType = sourcecode.c.objc; path = Utilities.m; sourceTree = "<group>"; };
		BED03B691C5389BD00388E52 /* PlaidLinkViewController.h */ = {isa = PBXFileReference; fileEncoding = 4; lastKnownFileType = sourcecode.c.h; path = PlaidLinkViewController.h; sourceTree = "<group>"; };
		BED03B6A1C5389BD00388E52 /* PlaidLinkViewController.m */ = {isa = PBXFileReference; fileEncoding = 4; lastKnownFileType = sourcecode.c.objc; path = PlaidLinkViewController.m; sourceTree = "<group>"; };
		BED03B6C1C53935700388E52 /* index.html */ = {isa = PBXFileReference; fileEncoding = 4; lastKnownFileType = text.html; path = index.html; sourceTree = "<group>"; };
		BEE0BC7C1C5334E3000C8A27 /* Ink.app */ = {isa = PBXFileReference; explicitFileType = wrapper.application; includeInIndex = 0; path = Ink.app; sourceTree = BUILT_PRODUCTS_DIR; };
		BEE0BC801C5334E3000C8A27 /* main.m */ = {isa = PBXFileReference; lastKnownFileType = sourcecode.c.objc; path = main.m; sourceTree = "<group>"; };
		BEE0BC821C5334E3000C8A27 /* AppDelegate.h */ = {isa = PBXFileReference; lastKnownFileType = sourcecode.c.h; path = AppDelegate.h; sourceTree = "<group>"; };
		BEE0BC831C5334E3000C8A27 /* AppDelegate.m */ = {isa = PBXFileReference; lastKnownFileType = sourcecode.c.objc; path = AppDelegate.m; sourceTree = "<group>"; };
		BEE0BC8B1C5334E3000C8A27 /* Assets.xcassets */ = {isa = PBXFileReference; lastKnownFileType = folder.assetcatalog; path = Assets.xcassets; sourceTree = "<group>"; };
		BEE0BC8E1C5334E3000C8A27 /* Base */ = {isa = PBXFileReference; lastKnownFileType = file.storyboard; name = Base; path = Base.lproj/LaunchScreen.storyboard; sourceTree = "<group>"; };
		BEE0BC901C5334E3000C8A27 /* Info.plist */ = {isa = PBXFileReference; lastKnownFileType = text.plist.xml; path = Info.plist; sourceTree = "<group>"; };
		BEE0BC961C5335BE000C8A27 /* LoginViewController.h */ = {isa = PBXFileReference; fileEncoding = 4; lastKnownFileType = sourcecode.c.h; path = LoginViewController.h; sourceTree = "<group>"; };
		BEE0BC971C5335BE000C8A27 /* LoginViewController.m */ = {isa = PBXFileReference; fileEncoding = 4; lastKnownFileType = sourcecode.c.objc; path = LoginViewController.m; sourceTree = "<group>"; };
		BEE0BC9B1C5339DC000C8A27 /* LoginStoreController.h */ = {isa = PBXFileReference; fileEncoding = 4; lastKnownFileType = sourcecode.c.h; path = LoginStoreController.h; sourceTree = "<group>"; };
		BEE0BC9C1C5339DC000C8A27 /* LoginStoreController.m */ = {isa = PBXFileReference; fileEncoding = 4; lastKnownFileType = sourcecode.c.objc; path = LoginStoreController.m; sourceTree = "<group>"; };
		BEE0BC9F1C534BC3000C8A27 /* BalanceViewController.h */ = {isa = PBXFileReference; fileEncoding = 4; lastKnownFileType = sourcecode.c.h; path = BalanceViewController.h; sourceTree = "<group>"; };
		BEE0BCA01C534BC3000C8A27 /* BalanceViewController.m */ = {isa = PBXFileReference; fileEncoding = 4; lastKnownFileType = sourcecode.c.objc; path = BalanceViewController.m; sourceTree = "<group>"; };
		BEE0BCA21C534BD0000C8A27 /* HistoryViewController.h */ = {isa = PBXFileReference; fileEncoding = 4; lastKnownFileType = sourcecode.c.h; path = HistoryViewController.h; sourceTree = "<group>"; };
		BEE0BCA31C534BD0000C8A27 /* HistoryViewController.m */ = {isa = PBXFileReference; fileEncoding = 4; lastKnownFileType = sourcecode.c.objc; path = HistoryViewController.m; sourceTree = "<group>"; };
		C686BBB18FA9BBB5273C5438 /* libPods-Ink.a */ = {isa = PBXFileReference; explicitFileType = archive.ar; includeInIndex = 0; path = "libPods-Ink.a"; sourceTree = BUILT_PRODUCTS_DIR; };
/* End PBXFileReference section */

/* Begin PBXFrameworksBuildPhase section */
		BEE0BC791C5334E3000C8A27 /* Frameworks */ = {
			isa = PBXFrameworksBuildPhase;
			buildActionMask = 2147483647;
			files = (
				AA203E057630D3898089DE6C /* libPods-Ink.a in Frameworks */,
			);
			runOnlyForDeploymentPostprocessing = 0;
		};
/* End PBXFrameworksBuildPhase section */

/* Begin PBXGroup section */
		B9B008022F875D0D58026920 /* Pods */ = {
			isa = PBXGroup;
			children = (
				092805287C0BE4B6F9C98B3D /* Pods-Ink.debug.xcconfig */,
				05A63E0129F992D54DF9BACD /* Pods-Ink.release.xcconfig */,
			);
			name = Pods;
			sourceTree = "<group>";
		};
		BBD945A473932D58A9CE7358 /* Frameworks */ = {
			isa = PBXGroup;
			children = (
				C686BBB18FA9BBB5273C5438 /* libPods-Ink.a */,
			);
			name = Frameworks;
			sourceTree = "<group>";
		};
		BE4B038E1C53C35A00077459 /* Objects */ = {
			isa = PBXGroup;
			children = (
				BE4B03931C5412A900077459 /* Transaction.h */,
				BE4B03941C5412A900077459 /* Transaction.m */,
				BE4B038B1C53C35700077459 /* Balance.h */,
				BE4B038C1C53C35700077459 /* Balance.m */,
			);
			name = Objects;
			sourceTree = "<group>";
		};
		BED03B5B1C535AEA00388E52 /* AutoLayout Helper */ = {
			isa = PBXGroup;
			children = (
				BED03B551C535AE700388E52 /* AutolayoutHelper.h */,
				BED03B561C535AE700388E52 /* AutolayoutHelper.m */,
				BED03B571C535AE700388E52 /* LinearLayout.h */,
				BED03B581C535AE700388E52 /* LinearLayout.m */,
			);
			name = "AutoLayout Helper";
			sourceTree = "<group>";
		};
		BED03B651C537D3400388E52 /* Categories */ = {
			isa = PBXGroup;
			children = (
				BED03B621C537D2D00388E52 /* UIColor+ColorPalette.h */,
				BED03B631C537D2D00388E52 /* UIColor+ColorPalette.m */,
				BED03B5F1C537CC800388E52 /* UIFontDescriptor+AvenirNext.h */,
				BED03B601C537CC800388E52 /* UIFontDescriptor+AvenirNext.m */,
			);
			name = Categories;
			sourceTree = "<group>";
		};
		BEE0BC731C5334E3000C8A27 = {
			isa = PBXGroup;
			children = (
				BEE0BC7E1C5334E3000C8A27 /* Ink */,
				BEE0BC7D1C5334E3000C8A27 /* Products */,
				B9B008022F875D0D58026920 /* Pods */,
				BBD945A473932D58A9CE7358 /* Frameworks */,
			);
			sourceTree = "<group>";
		};
		BEE0BC7D1C5334E3000C8A27 /* Products */ = {
			isa = PBXGroup;
			children = (
				BEE0BC7C1C5334E3000C8A27 /* Ink.app */,
			);
			name = Products;
			sourceTree = "<group>";
		};
		BEE0BC7E1C5334E3000C8A27 /* Ink */ = {
			isa = PBXGroup;
			children = (
				BE4B03901C53F50200077459 /* HistoryTableViewCell.h */,
				BE4B03911C53F50200077459 /* HistoryTableViewCell.m */,
				BE4B038E1C53C35A00077459 /* Objects */,
				BED03B661C53850400388E52 /* Utilities.h */,
				BED03B671C53850400388E52 /* Utilities.m */,
				BED03B651C537D3400388E52 /* Categories */,
				BED03B5B1C535AEA00388E52 /* AutoLayout Helper */,
				BEE0BC9E1C5339E1000C8A27 /* StoreController */,
				BEE0BC9A1C53390B000C8A27 /* ViewController */,
				BEE0BC821C5334E3000C8A27 /* AppDelegate.h */,
				BEE0BC831C5334E3000C8A27 /* AppDelegate.m */,
				BEE0BC8B1C5334E3000C8A27 /* Assets.xcassets */,
				BEE0BC8D1C5334E3000C8A27 /* LaunchScreen.storyboard */,
				BEE0BC901C5334E3000C8A27 /* Info.plist */,
				BEE0BC7F1C5334E3000C8A27 /* Supporting Files */,
			);
			path = Ink;
			sourceTree = "<group>";
		};
		BEE0BC7F1C5334E3000C8A27 /* Supporting Files */ = {
			isa = PBXGroup;
			children = (
				BED03B6C1C53935700388E52 /* index.html */,
				BEE0BC801C5334E3000C8A27 /* main.m */,
			);
			name = "Supporting Files";
			sourceTree = "<group>";
		};
		BEE0BC9A1C53390B000C8A27 /* ViewController */ = {
			isa = PBXGroup;
			children = (
				BEE0BC9F1C534BC3000C8A27 /* BalanceViewController.h */,
				BEE0BCA01C534BC3000C8A27 /* BalanceViewController.m */,
				BED03B691C5389BD00388E52 /* PlaidLinkViewController.h */,
				BED03B6A1C5389BD00388E52 /* PlaidLinkViewController.m */,
				BEE0BCA21C534BD0000C8A27 /* HistoryViewController.h */,
				BEE0BCA31C534BD0000C8A27 /* HistoryViewController.m */,
				BEE0BC961C5335BE000C8A27 /* LoginViewController.h */,
				BEE0BC971C5335BE000C8A27 /* LoginViewController.m */,
			);
			name = ViewController;
			sourceTree = "<group>";
		};
		BEE0BC9E1C5339E1000C8A27 /* StoreController */ = {
			isa = PBXGroup;
			children = (
				BEE0BC9B1C5339DC000C8A27 /* LoginStoreController.h */,
				BEE0BC9C1C5339DC000C8A27 /* LoginStoreController.m */,
				BED03B5C1C536F3F00388E52 /* BalanceStoreController.h */,
				BED03B5D1C536F3F00388E52 /* BalanceStoreController.m */,
				BE4B03961C54282500077459 /* HistoryStoreController.h */,
				BE4B03971C54282500077459 /* HistoryStoreController.m */,
			);
			name = StoreController;
			sourceTree = "<group>";
		};
/* End PBXGroup section */

/* Begin PBXNativeTarget section */
		BEE0BC7B1C5334E3000C8A27 /* Ink */ = {
			isa = PBXNativeTarget;
			buildConfigurationList = BEE0BC931C5334E3000C8A27 /* Build configuration list for PBXNativeTarget "Ink" */;
			buildPhases = (
				29A0A286F58F3ACD5EE61C7A /* Check Pods Manifest.lock */,
				BEE0BC781C5334E3000C8A27 /* Sources */,
				BEE0BC791C5334E3000C8A27 /* Frameworks */,
				BEE0BC7A1C5334E3000C8A27 /* Resources */,
				FE751C055FD96B438EB2EE55 /* Embed Pods Frameworks */,
				1840F15BCD96B1BC2335D32B /* Copy Pods Resources */,
			);
			buildRules = (
			);
			dependencies = (
			);
			name = Ink;
			productName = Ink;
			productReference = BEE0BC7C1C5334E3000C8A27 /* Ink.app */;
			productType = "com.apple.product-type.application";
		};
/* End PBXNativeTarget section */

/* Begin PBXProject section */
		BEE0BC741C5334E3000C8A27 /* Project object */ = {
			isa = PBXProject;
			attributes = {
				LastUpgradeCheck = 0720;
				ORGANIZATIONNAME = "Jason Scharff";
				TargetAttributes = {
					BEE0BC7B1C5334E3000C8A27 = {
						CreatedOnToolsVersion = 7.2;
					};
				};
			};
			buildConfigurationList = BEE0BC771C5334E3000C8A27 /* Build configuration list for PBXProject "Ink" */;
			compatibilityVersion = "Xcode 3.2";
			developmentRegion = English;
			hasScannedForEncodings = 0;
			knownRegions = (
				en,
				Base,
			);
			mainGroup = BEE0BC731C5334E3000C8A27;
			productRefGroup = BEE0BC7D1C5334E3000C8A27 /* Products */;
			projectDirPath = "";
			projectRoot = "";
			targets = (
				BEE0BC7B1C5334E3000C8A27 /* Ink */,
			);
		};
/* End PBXProject section */

/* Begin PBXResourcesBuildPhase section */
		BEE0BC7A1C5334E3000C8A27 /* Resources */ = {
			isa = PBXResourcesBuildPhase;
			buildActionMask = 2147483647;
			files = (
				BED03B6D1C53935700388E52 /* index.html in Resources */,
				BEE0BC8F1C5334E3000C8A27 /* LaunchScreen.storyboard in Resources */,
				BEE0BC8C1C5334E3000C8A27 /* Assets.xcassets in Resources */,
			);
			runOnlyForDeploymentPostprocessing = 0;
		};
/* End PBXResourcesBuildPhase section */

/* Begin PBXShellScriptBuildPhase section */
		1840F15BCD96B1BC2335D32B /* Copy Pods Resources */ = {
			isa = PBXShellScriptBuildPhase;
			buildActionMask = 2147483647;
			files = (
			);
			inputPaths = (
			);
			name = "Copy Pods Resources";
			outputPaths = (
			);
			runOnlyForDeploymentPostprocessing = 0;
			shellPath = /bin/sh;
			shellScript = "\"${SRCROOT}/Pods/Target Support Files/Pods-Ink/Pods-Ink-resources.sh\"\n";
			showEnvVarsInLog = 0;
		};
		29A0A286F58F3ACD5EE61C7A /* Check Pods Manifest.lock */ = {
			isa = PBXShellScriptBuildPhase;
			buildActionMask = 2147483647;
			files = (
			);
			inputPaths = (
			);
			name = "Check Pods Manifest.lock";
			outputPaths = (
			);
			runOnlyForDeploymentPostprocessing = 0;
			shellPath = /bin/sh;
			shellScript = "diff \"${PODS_ROOT}/../Podfile.lock\" \"${PODS_ROOT}/Manifest.lock\" > /dev/null\nif [[ $? != 0 ]] ; then\n    cat << EOM\nerror: The sandbox is not in sync with the Podfile.lock. Run 'pod install' or update your CocoaPods installation.\nEOM\n    exit 1\nfi\n";
			showEnvVarsInLog = 0;
		};
		FE751C055FD96B438EB2EE55 /* Embed Pods Frameworks */ = {
			isa = PBXShellScriptBuildPhase;
			buildActionMask = 2147483647;
			files = (
			);
			inputPaths = (
			);
			name = "Embed Pods Frameworks";
			outputPaths = (
			);
			runOnlyForDeploymentPostprocessing = 0;
			shellPath = /bin/sh;
			shellScript = "\"${SRCROOT}/Pods/Target Support Files/Pods-Ink/Pods-Ink-frameworks.sh\"\n";
			showEnvVarsInLog = 0;
		};
/* End PBXShellScriptBuildPhase section */

/* Begin PBXSourcesBuildPhase section */
		BEE0BC781C5334E3000C8A27 /* Sources */ = {
			isa = PBXSourcesBuildPhase;
			buildActionMask = 2147483647;
			files = (
				BEE0BC841C5334E3000C8A27 /* AppDelegate.m in Sources */,
				BEE0BCA11C534BC3000C8A27 /* BalanceViewController.m in Sources */,
				BED03B5A1C535AE700388E52 /* LinearLayout.m in Sources */,
				BEE0BC811C5334E3000C8A27 /* main.m in Sources */,
				BED03B5E1C536F3F00388E52 /* BalanceStoreController.m in Sources */,
				BE4B03921C53F50200077459 /* HistoryTableViewCell.m in Sources */,
				BED03B6B1C5389BD00388E52 /* PlaidLinkViewController.m in Sources */,
				BE4B03981C54282500077459 /* HistoryStoreController.m in Sources */,
				BED03B611C537CC800388E52 /* UIFontDescriptor+AvenirNext.m in Sources */,
				BED03B681C53850400388E52 /* Utilities.m in Sources */,
				BEE0BC981C5335BE000C8A27 /* LoginViewController.m in Sources */,
				BED03B641C537D2D00388E52 /* UIColor+ColorPalette.m in Sources */,
				BE4B038D1C53C35700077459 /* Balance.m in Sources */,
				BEE0BC9D1C5339DC000C8A27 /* LoginStoreController.m in Sources */,
				BEE0BCA41C534BD0000C8A27 /* HistoryViewController.m in Sources */,
				BE4B03951C5412A900077459 /* Transaction.m in Sources */,
				BED03B591C535AE700388E52 /* AutolayoutHelper.m in Sources */,
			);
			runOnlyForDeploymentPostprocessing = 0;
		};
/* End PBXSourcesBuildPhase section */

/* Begin PBXVariantGroup section */
		BEE0BC8D1C5334E3000C8A27 /* LaunchScreen.storyboard */ = {
			isa = PBXVariantGroup;
			children = (
				BEE0BC8E1C5334E3000C8A27 /* Base */,
			);
			name = LaunchScreen.storyboard;
			sourceTree = "<group>";
		};
/* End PBXVariantGroup section */

/* Begin XCBuildConfiguration section */
		BEE0BC911C5334E3000C8A27 /* Debug */ = {
			isa = XCBuildConfiguration;
			buildSettings = {
				ALWAYS_SEARCH_USER_PATHS = NO;
				CLANG_CXX_LANGUAGE_STANDARD = "gnu++0x";
				CLANG_CXX_LIBRARY = "libc++";
				CLANG_ENABLE_MODULES = YES;
				CLANG_ENABLE_OBJC_ARC = YES;
				CLANG_WARN_BOOL_CONVERSION = YES;
				CLANG_WARN_CONSTANT_CONVERSION = YES;
				CLANG_WARN_DIRECT_OBJC_ISA_USAGE = YES_ERROR;
				CLANG_WARN_EMPTY_BODY = YES;
				CLANG_WARN_ENUM_CONVERSION = YES;
				CLANG_WARN_INT_CONVERSION = YES;
				CLANG_WARN_OBJC_ROOT_CLASS = YES_ERROR;
				CLANG_WARN_UNREACHABLE_CODE = YES;
				CLANG_WARN__DUPLICATE_METHOD_MATCH = YES;
				"CODE_SIGN_IDENTITY[sdk=iphoneos*]" = "iPhone Developer";
				COPY_PHASE_STRIP = NO;
				DEBUG_INFORMATION_FORMAT = dwarf;
				ENABLE_STRICT_OBJC_MSGSEND = YES;
				ENABLE_TESTABILITY = YES;
				GCC_C_LANGUAGE_STANDARD = gnu99;
				GCC_DYNAMIC_NO_PIC = NO;
				GCC_NO_COMMON_BLOCKS = YES;
				GCC_OPTIMIZATION_LEVEL = 0;
				GCC_PREPROCESSOR_DEFINITIONS = (
					"DEBUG=1",
					"$(inherited)",
				);
				GCC_WARN_64_TO_32_BIT_CONVERSION = YES;
				GCC_WARN_ABOUT_RETURN_TYPE = YES_ERROR;
				GCC_WARN_UNDECLARED_SELECTOR = YES;
				GCC_WARN_UNINITIALIZED_AUTOS = YES_AGGRESSIVE;
				GCC_WARN_UNUSED_FUNCTION = YES;
				GCC_WARN_UNUSED_VARIABLE = YES;
				IPHONEOS_DEPLOYMENT_TARGET = 9.2;
				MTL_ENABLE_DEBUG_INFO = YES;
				ONLY_ACTIVE_ARCH = YES;
				SDKROOT = iphoneos;
			};
			name = Debug;
		};
		BEE0BC921C5334E3000C8A27 /* Release */ = {
			isa = XCBuildConfiguration;
			buildSettings = {
				ALWAYS_SEARCH_USER_PATHS = NO;
				CLANG_CXX_LANGUAGE_STANDARD = "gnu++0x";
				CLANG_CXX_LIBRARY = "libc++";
				CLANG_ENABLE_MODULES = YES;
				CLANG_ENABLE_OBJC_ARC = YES;
				CLANG_WARN_BOOL_CONVERSION = YES;
				CLANG_WARN_CONSTANT_CONVERSION = YES;
				CLANG_WARN_DIRECT_OBJC_ISA_USAGE = YES_ERROR;
				CLANG_WARN_EMPTY_BODY = YES;
				CLANG_WARN_ENUM_CONVERSION = YES;
				CLANG_WARN_INT_CONVERSION = YES;
				CLANG_WARN_OBJC_ROOT_CLASS = YES_ERROR;
				CLANG_WARN_UNREACHABLE_CODE = YES;
				CLANG_WARN__DUPLICATE_METHOD_MATCH = YES;
				"CODE_SIGN_IDENTITY[sdk=iphoneos*]" = "iPhone Developer";
				COPY_PHASE_STRIP = NO;
				DEBUG_INFORMATION_FORMAT = "dwarf-with-dsym";
				ENABLE_NS_ASSERTIONS = NO;
				ENABLE_STRICT_OBJC_MSGSEND = YES;
				GCC_C_LANGUAGE_STANDARD = gnu99;
				GCC_NO_COMMON_BLOCKS = YES;
				GCC_WARN_64_TO_32_BIT_CONVERSION = YES;
				GCC_WARN_ABOUT_RETURN_TYPE = YES_ERROR;
				GCC_WARN_UNDECLARED_SELECTOR = YES;
				GCC_WARN_UNINITIALIZED_AUTOS = YES_AGGRESSIVE;
				GCC_WARN_UNUSED_FUNCTION = YES;
				GCC_WARN_UNUSED_VARIABLE = YES;
				IPHONEOS_DEPLOYMENT_TARGET = 9.2;
				MTL_ENABLE_DEBUG_INFO = NO;
				SDKROOT = iphoneos;
				VALIDATE_PRODUCT = YES;
			};
			name = Release;
		};
		BEE0BC941C5334E3000C8A27 /* Debug */ = {
			isa = XCBuildConfiguration;
			baseConfigurationReference = 092805287C0BE4B6F9C98B3D /* Pods-Ink.debug.xcconfig */;
			buildSettings = {
				ASSETCATALOG_COMPILER_APPICON_NAME = AppIcon;
				INFOPLIST_FILE = Ink/Info.plist;
				IPHONEOS_DEPLOYMENT_TARGET = 9.0;
				LD_RUNPATH_SEARCH_PATHS = "$(inherited) @executable_path/Frameworks";
				PRODUCT_BUNDLE_IDENTIFIER = com.jasonscharff.Ink;
				PRODUCT_NAME = "$(TARGET_NAME)";
			};
			name = Debug;
		};
		BEE0BC951C5334E3000C8A27 /* Release */ = {
			isa = XCBuildConfiguration;
			baseConfigurationReference = 05A63E0129F992D54DF9BACD /* Pods-Ink.release.xcconfig */;
			buildSettings = {
				ASSETCATALOG_COMPILER_APPICON_NAME = AppIcon;
				INFOPLIST_FILE = Ink/Info.plist;
				IPHONEOS_DEPLOYMENT_TARGET = 9.0;
				LD_RUNPATH_SEARCH_PATHS = "$(inherited) @executable_path/Frameworks";
				PRODUCT_BUNDLE_IDENTIFIER = com.jasonscharff.Ink;
				PRODUCT_NAME = "$(TARGET_NAME)";
			};
			name = Release;
		};
/* End XCBuildConfiguration section */

/* Begin XCConfigurationList section */
		BEE0BC771C5334E3000C8A27 /* Build configuration list for PBXProject "Ink" */ = {
			isa = XCConfigurationList;
			buildConfigurations = (
				BEE0BC911C5334E3000C8A27 /* Debug */,
				BEE0BC921C5334E3000C8A27 /* Release */,
			);
			defaultConfigurationIsVisible = 0;
			defaultConfigurationName = Release;
		};
		BEE0BC931C5334E3000C8A27 /* Build configuration list for PBXNativeTarget "Ink" */ = {
			isa = XCConfigurationList;
			buildConfigurations = (
				BEE0BC941C5334E3000C8A27 /* Debug */,
				BEE0BC951C5334E3000C8A27 /* Release */,
			);
			defaultConfigurationIsVisible = 0;
			defaultConfigurationName = Release;
		};
/* End XCConfigurationList section */
	};
	rootObject = BEE0BC741C5334E3000C8A27 /* Project object */;
}
